
Microsoft Visual Studio Solution File, Format Version 12.00
# Visual Studio Version 17
VisualStudioVersion = 17.11.35312.102
MinimumVisualStudioVersion = 10.0.40219.1
Project("{FAE04EC0-301F-11D3-BF4B-00C04F79EFBC}") = "RabbitMq.Ticket.Producer", "RabbitMq.Ticket.Producer.csproj", "{72CB9124-6B90-406E-BFAC-5245D61DEF1E}"
EndProject
Global
	GlobalSection(SolutionConfigurationPlatforms) = preSolution
		Debug|Any CPU = Debug|Any CPU
		Release|Any CPU = Release|Any CPU
	EndGlobalSection
	GlobalSection(ProjectConfigurationPlatforms) = postSolution
		{72CB9124-6B90-406E-BFAC-5245D61DEF1E}.Debug|Any CPU.ActiveCfg = Debug|Any CPU
		{72CB9124-6B90-406E-BFAC-5245D61DEF1E}.Debug|Any CPU.Build.0 = Debug|Any CPU
		{72CB9124-6B90-406E-BFAC-5245D61DEF1E}.Release|Any CPU.ActiveCfg = Release|Any CPU
		{72CB9124-6B90-406E-BFAC-5245D61DEF1E}.Release|Any CPU.Build.0 = Release|Any CPU
	EndGlobalSection
	GlobalSection(SolutionProperties) = preSolution
		HideSolutionNode = FALSE
	EndGlobalSection
	GlobalSection(ExtensibilityGlobals) = postSolution
		SolutionGuid = {76B91503-355F-4C54-BCCB-A22A06D38F48}
	EndGlobalSection
EndGlobal
